
Microsoft Visual Studio Solution File, Format Version 12.00
# Visual Studio Version 17
VisualStudioVersion = 17.14.36414.22 d17.14
MinimumVisualStudioVersion = 10.0.40219.1
Project("{FAE04EC0-301F-11D3-BF4B-00C04F79EFBC}") = "Dolgozatok", "Dolgozatok\Dolgozatok.csproj", "{354CE5E5-096F-4B44-9A85-00F517DFC79B}"
EndProject
Global
	GlobalSection(SolutionConfigurationPlatforms) = preSolution
		Debug|Any CPU = Debug|Any CPU
		Release|Any CPU = Release|Any CPU
	EndGlobalSection
	GlobalSection(ProjectConfigurationPlatforms) = postSolution
		{354CE5E5-096F-4B44-9A85-00F517DFC79B}.Debug|Any CPU.ActiveCfg = Debug|Any CPU
		{354CE5E5-096F-4B44-9A85-00F517DFC79B}.Debug|Any CPU.Build.0 = Debug|Any CPU
		{354CE5E5-096F-4B44-9A85-00F517DFC79B}.Release|Any CPU.ActiveCfg = Release|Any CPU
		{354CE5E5-096F-4B44-9A85-00F517DFC79B}.Release|Any CPU.Build.0 = Release|Any CPU
	EndGlobalSection
	GlobalSection(SolutionProperties) = preSolution
		HideSolutionNode = FALSE
	EndGlobalSection
	GlobalSection(ExtensibilityGlobals) = postSolution
		SolutionGuid = {CF97AC23-F280-4A93-9A07-1A39D9994B7A}
	EndGlobalSection
EndGlobal
